
Microsoft Visual Studio Solution File, Format Version 12.00
# Visual Studio Version 16
VisualStudioVersion = 16.0.30611.23
MinimumVisualStudioVersion = 10.0.40219.1
Project("{FAE04EC0-301F-11D3-BF4B-00C04F79EFBC}") = "Zadanie 1", "Zadanie 1.csproj", "{633C73A6-4D0F-4DB9-A39E-975B8E47711B}"
EndProject
Global
	GlobalSection(SolutionConfigurationPlatforms) = preSolution
		Debug|Any CPU = Debug|Any CPU
		Release|Any CPU = Release|Any CPU
	EndGlobalSection
	GlobalSection(ProjectConfigurationPlatforms) = postSolution
		{633C73A6-4D0F-4DB9-A39E-975B8E47711B}.Debug|Any CPU.ActiveCfg = Debug|Any CPU
		{633C73A6-4D0F-4DB9-A39E-975B8E47711B}.Debug|Any CPU.Build.0 = Debug|Any CPU
		{633C73A6-4D0F-4DB9-A39E-975B8E47711B}.Release|Any CPU.ActiveCfg = Release|Any CPU
		{633C73A6-4D0F-4DB9-A39E-975B8E47711B}.Release|Any CPU.Build.0 = Release|Any CPU
	EndGlobalSection
	GlobalSection(SolutionProperties) = preSolution
		HideSolutionNode = FALSE
	EndGlobalSection
	GlobalSection(ExtensibilityGlobals) = postSolution
		SolutionGuid = {1C8C8B68-3060-46D4-BC54-CD882450E36B}
	EndGlobalSection
EndGlobal
